
Microsoft Visual Studio Solution File, Format Version 9.00
# Visual Studio 2005
# Clarion 2.1.0.2447
Project("{12B76EC0-1D7B-4FA7-A7D0-C524288B48A1}") = "sync", "sync.cwproj", "{17EA29D3-4E7D-4740-B462-7C5AB8CDC53F}"
EndProject
Global
	GlobalSection(SolutionConfigurationPlatforms) = preSolution
		Debug|Win32 = Debug|Win32
		Release|Win32 = Release|Win32
	EndGlobalSection
	GlobalSection(ProjectConfigurationPlatforms) = postSolution
		{17EA29D3-4E7D-4740-B462-7C5AB8CDC53F}.Debug|Win32.Build.0 = Debug|Win32
		{17EA29D3-4E7D-4740-B462-7C5AB8CDC53F}.Debug|Win32.ActiveCfg = Debug|Win32
		{17EA29D3-4E7D-4740-B462-7C5AB8CDC53F}.Release|Win32.Build.0 = Release|Win32
		{17EA29D3-4E7D-4740-B462-7C5AB8CDC53F}.Release|Win32.ActiveCfg = Release|Win32
	EndGlobalSection
EndGlobal
